
Microsoft Visual Studio Solution File, Format Version 12.00
# Visual Studio Version 17
VisualStudioVersion = 17.12.35707.178 d17.12
MinimumVisualStudioVersion = 10.0.40219.1
Project("{FAE04EC0-301F-11D3-BF4B-00C04F79EFBC}") = "Exam_MVC_App", "Exam_MVC_App\Exam_MVC_App.csproj", "{F7ECF0B8-8867-4B97-B4EA-97368A600F40}"
EndProject
Global
	GlobalSection(SolutionConfigurationPlatforms) = preSolution
		Debug|Any CPU = Debug|Any CPU
		Release|Any CPU = Release|Any CPU
	EndGlobalSection
	GlobalSection(ProjectConfigurationPlatforms) = postSolution
		{F7ECF0B8-8867-4B97-B4EA-97368A600F40}.Debug|Any CPU.ActiveCfg = Debug|Any CPU
		{F7ECF0B8-8867-4B97-B4EA-97368A600F40}.Debug|Any CPU.Build.0 = Debug|Any CPU
		{F7ECF0B8-8867-4B97-B4EA-97368A600F40}.Release|Any CPU.ActiveCfg = Release|Any CPU
		{F7ECF0B8-8867-4B97-B4EA-97368A600F40}.Release|Any CPU.Build.0 = Release|Any CPU
	EndGlobalSection
	GlobalSection(SolutionProperties) = preSolution
		HideSolutionNode = FALSE
	EndGlobalSection
EndGlobal
